lockfileVersion: '9.0'

settings:
  autoInstallPeers: true
  excludeLinksFromLockfile: false

importers:

  .:
    dependencies:
      '@ai-sdk/openai':
        specifier: ^1.3.4
        version: 1.3.4(zod@3.24.2)
      '@emberai/sdk-typescript':
        specifier: 0.3.0-beta.6
        version: 0.3.0-beta.6
      ai:
        specifier: ^4.2.8
        version: 4.2.8(react@19.1.0)(zod@3.24.2)
    devDependencies:
      '@types/node':
        specifier: ^22.13.14
        version: 22.13.14
      ts-node:
        specifier: ^10.9.2
        version: 10.9.2(@types/node@22.13.14)(typescript@5.8.2)
      typescript:
        specifier: ^5.8.2
        version: 5.8.2

packages:

  '@ai-sdk/openai@1.3.4':
    resolution: {integrity: sha512-BOw7dQpiTlpaqi1u/NU4Or2+jA6buzl6GOUuYyu/uFI7dxJs1zPkY8IjAp4DQhi+kQGH6GGbEPw0LkIbeK4BVA==}
    engines: {node: '>=18'}
    peerDependencies:
      zod: ^3.0.0

  '@ai-sdk/provider-utils@2.2.1':
    resolution: {integrity: sha512-BuExLp+NcpwsAVj1F4bgJuQkSqO/+roV9wM7RdIO+NVrcT8RBUTdXzf5arHt5T58VpK7bZyB2V9qigjaPHE+Dg==}
    engines: {node: '>=18'}
    peerDependencies:
      zod: ^3.23.8

  '@ai-sdk/provider@1.1.0':
    resolution: {integrity: sha512-0M+qjp+clUD0R1E5eWQFhxEvWLNaOtGQRUaBn8CUABnSKredagq92hUS9VjOzGsTm37xLfpaxl97AVtbeOsHew==}
    engines: {node: '>=18'}

  '@ai-sdk/react@1.2.3':
    resolution: {integrity: sha512-EQ6nmmQBBAal1yg72GB/Q7QnmDXMfgYvCo9Gym2mESXUHTqwpXU0JFHtk5Kq3EEkk7CVMf1oBWlNFNvU5ckQBg==}
    engines: {node: '>=18'}
    peerDependencies:
      react: ^18 || ^19 || ^19.0.0-rc
      zod: ^3.23.8
    peerDependenciesMeta:
      zod:
        optional: true

  '@ai-sdk/ui-utils@1.2.2':
    resolution: {integrity: sha512-6rCx2jSEPuiF6fytfMNscSOinHQZp52aFCHyPVpPPkcWnOur1jPWhol+0TFCUruDl7dCfcSIfTexQUq2ioLwaA==}
    engines: {node: '>=18'}
    peerDependencies:
      zod: ^3.23.8

  '@bufbuild/protobuf@2.2.5':
    resolution: {integrity: sha512-/g5EzJifw5GF8aren8wZ/G5oMuPoGeS6MQD3ca8ddcvdXR5UELUfdTZITCGNhNXynY/AYl3Z4plmxdj/tRl/hQ==}

  '@cspotcode/source-map-support@0.8.1':
    resolution: {integrity: sha512-IchNf6dN4tHoMFIn/7OE8LWZ19Y6q/67Bmf6vnGREv8RSbBVb9LPJxEcnwrcwX6ixSvaiGoomAUvu4YSxXrVgw==}
    engines: {node: '>=12'}

  '@emberai/sdk-typescript@0.3.0-beta.6':
    resolution: {integrity: sha512-6rWgTgBx/4COb3uAvI9bh4zpT8aQVreMqZoL95HZZ32Zu1x8M5pyO1isR3uFRBUV0LB4S/VRXUr9rnAQWS/8MA==}
    engines: {node: '>=18.0.0'}

  '@jridgewell/resolve-uri@3.1.2':
    resolution: {integrity: sha512-bRISgCIjP20/tbWSPWMEi54QVPRZExkuD9lJL+UIxUKtwVJA8wW1Trb1jMs1RFXo1CBTNZ/5hpC9QvmKWdopKw==}
    engines: {node: '>=6.0.0'}

  '@jridgewell/sourcemap-codec@1.5.0':
    resolution: {integrity: sha512-gv3ZRaISU3fjPAgNsriBRqGWQL6quFx04YMPW/zD8XMLsU32mhCCbfbO6KZFLjvYpCZ8zyDEgqsgf+PwPaM7GQ==}

  '@jridgewell/trace-mapping@0.3.9':
    resolution: {integrity: sha512-3Belt6tdc8bPgAtbcmdtNJlirVoTmEb5e2gC94PnkwEW9jI6CAHUeoG85tjWP5WquqfavoMtMwiG4P926ZKKuQ==}

  '@opentelemetry/api@1.9.0':
    resolution: {integrity: sha512-3giAOQvZiH5F9bMlMiv8+GSPMeqg0dbaeo58/0SlA9sxSqZhnUtxzX9/2FzyhS9sWQf5S0GJE0AKBrFqjpeYcg==}
    engines: {node: '>=8.0.0'}

  '@tsconfig/node10@1.0.11':
    resolution: {integrity: sha512-DcRjDCujK/kCk/cUe8Xz8ZSpm8mS3mNNpta+jGCA6USEDfktlNvm1+IuZ9eTcDbNk41BHwpHHeW+N1lKCz4zOw==}

  '@tsconfig/node12@1.0.11':
    resolution: {integrity: sha512-cqefuRsh12pWyGsIoBKJA9luFu3mRxCA+ORZvA4ktLSzIuCUtWVxGIuXigEwO5/ywWFMZ2QEGKWvkZG1zDMTag==}

  '@tsconfig/node14@1.0.3':
    resolution: {integrity: sha512-ysT8mhdixWK6Hw3i1V2AeRqZ5WfXg1G43mqoYlM2nc6388Fq5jcXyr5mRsqViLx/GJYdoL0bfXD8nmF+Zn/Iow==}

  '@tsconfig/node16@1.0.4':
    resolution: {integrity: sha512-vxhUy4J8lyeyinH7Azl1pdd43GJhZH/tP2weN8TntQblOY+A0XbT8DJk1/oCPuOOyg/Ja757rG0CgHcWC8OfMA==}

  '@types/diff-match-patch@1.0.36':
    resolution: {integrity: sha512-xFdR6tkm0MWvBfO8xXCSsinYxHcqkQUlcHeSpMC2ukzOb6lwQAfDmW+Qt0AvlGd8HpsS28qKsB+oPeJn9I39jg==}

  '@types/node@22.13.14':
    resolution: {integrity: sha512-Zs/Ollc1SJ8nKUAgc7ivOEdIBM8JAKgrqqUYi2J997JuKO7/tpQC+WCetQ1sypiKCQWHdvdg9wBNpUPEWZae7w==}

  acorn-walk@8.3.4:
    resolution: {integrity: sha512-ueEepnujpqee2o5aIYnvHU6C0A42MNdsIDeqy5BydrkuC5R1ZuUFnm27EeFJGoEHJQgn3uleRvmTXaJgfXbt4g==}
    engines: {node: '>=0.4.0'}

  acorn@8.14.1:
    resolution: {integrity: sha512-OvQ/2pUDKmgfCg++xsTX1wGxfTaszcHVcTctW4UJB4hibJx2HXxxO5UmVgyjMa+ZDsiaf5wWLXYpRWMmBI0QHg==}
    engines: {node: '>=0.4.0'}
    hasBin: true

  ai@4.2.8:
    resolution: {integrity: sha512-0gwfPZAuuQ+uTfk/GssrfnNTYxliCFKojbSQoEhzpbpSVaPao9NoU3iuE8vwBjWuDKqILRGzYGFE4+vTak0Oxg==}
    engines: {node: '>=18'}
    peerDependencies:
      react: ^18 || ^19 || ^19.0.0-rc
      zod: ^3.23.8
    peerDependenciesMeta:
      react:
        optional: true

  arg@4.1.3:
    resolution: {integrity: sha512-58S9QDqG0Xx27YwPSt9fJxivjYl432YCwfDMfZ+71RAqUrZef7LrKQZ3LHLOwCS4FLNBplP533Zx895SeOCHvA==}

  chalk@5.4.1:
    resolution: {integrity: sha512-zgVZuo2WcZgfUEmsn6eO3kINexW8RAE4maiQ8QNs8CtpPCSyMiYsULR3HQYkm3w8FIA3SberyMJMSldGsW+U3w==}
    engines: {node: ^12.17.0 || ^14.13 || >=16.0.0}

  create-require@1.1.1:
    resolution: {integrity: sha512-dcKFX3jn0MpIaXjisoRvexIJVEKzaq7z2rZKxf+MSr9TkdmHmsU4m2lcLojrj/FHl8mk5VxMmYA+ftRkP/3oKQ==}

  dequal@2.0.3:
    resolution: {integrity: sha512-0je+qPKHEMohvfRTCEo3CrPG6cAzAYgmzKyxRiYSSDkS6eGJdyVJm7WaYA5ECaAD9wLB2T4EEeymA5aFVcYXCA==}
    engines: {node: '>=6'}

  diff-match-patch@1.0.5:
    resolution: {integrity: sha512-IayShXAgj/QMXgB0IWmKx+rOPuGMhqm5w6jvFxmVenXKIzRqTAAsbBPT3kWQeGANj3jGgvcvv4yK6SxqYmikgw==}

  diff@4.0.2:
    resolution: {integrity: sha512-58lmxKSA4BNyLz+HHMUzlOEpg09FV+ev6ZMe3vJihgdxzgcwZ8VoEEPmALCZG9LmqfVoNMMKpttIYTVG6uDY7A==}
    engines: {node: '>=0.3.1'}

  json-schema@0.4.0:
    resolution: {integrity: sha512-es94M3nTIfsEPisRafak+HDLfHXnKBhV3vU5eqPcS3flIWqcxJWgXHXiey3YrpaNsanY5ei1VoYEbOzijuq9BA==}

  jsondiffpatch@0.6.0:
    resolution: {integrity: sha512-3QItJOXp2AP1uv7waBkao5nCvhEv+QmJAd38Ybq7wNI74Q+BBmnLn4EDKz6yI9xGAIQoUF87qHt+kc1IVxB4zQ==}
    engines: {node: ^18.0.0 || >=20.0.0}
    hasBin: true

  make-error@1.3.6:
    resolution: {integrity: sha512-s8UhlNe7vPKomQhC1qFelMokr/Sc3AgNbso3n74mVPA5LTZwkB9NlXf4XPamLxJE8h0gh73rM94xvwRT2CVInw==}

  nanoid@3.3.11:
    resolution: {integrity: sha512-N8SpfPUnUp1bK+PMYW8qSWdl9U+wwNWI4QKxOYDy9JAro3WMX7p2OeVRF9v+347pnakNevPmiHhNmZ2HbFA76w==}
    engines: {node: ^10 || ^12 || ^13.7 || ^14 || >=15.0.1}
    hasBin: true

  react@19.1.0:
    resolution: {integrity: sha512-FS+XFBNvn3GTAWq26joslQgWNoFu08F4kl0J4CgdNKADkdSGXQyTCnKteIAJy96Br6YbpEU1LSzV5dYtjMkMDg==}
    engines: {node: '>=0.10.0'}

  secure-json-parse@2.7.0:
    resolution: {integrity: sha512-6aU+Rwsezw7VR8/nyvKTx8QpWH9FrcYiXXlqC4z5d5XQBDRqtbfsRjnwGyqbi3gddNtWHuEk9OANUotL26qKUw==}

  swr@2.3.3:
    resolution: {integrity: sha512-dshNvs3ExOqtZ6kJBaAsabhPdHyeY4P2cKwRCniDVifBMoG/SVI7tfLWqPXriVspf2Rg4tPzXJTnwaihIeFw2A==}
    peerDependencies:
      react: ^16.11.0 || ^17.0.0 || ^18.0.0 || ^19.0.0

  throttleit@2.1.0:
    resolution: {integrity: sha512-nt6AMGKW1p/70DF/hGBdJB57B8Tspmbp5gfJ8ilhLnt7kkr2ye7hzD6NVG8GGErk2HWF34igrL2CXmNIkzKqKw==}
    engines: {node: '>=18'}

  ts-node@10.9.2:
    resolution: {integrity: sha512-f0FFpIdcHgn8zcPSbf1dRevwt047YMnaiJM3u2w2RewrB+fob/zePZcrOyQoLMMO7aBIddLcQIEK5dYjkLnGrQ==}
    hasBin: true
    peerDependencies:
      '@swc/core': '>=1.2.50'
      '@swc/wasm': '>=1.2.50'
      '@types/node': '*'
      typescript: '>=2.7'
    peerDependenciesMeta:
      '@swc/core':
        optional: true
      '@swc/wasm':
        optional: true

  typescript@5.8.2:
    resolution: {integrity: sha512-aJn6wq13/afZp/jT9QZmwEjDqqvSGp1VT5GVg+f/t6/oVyrgXM6BY1h9BRh/O5p3PlUPAe+WuiEZOmb/49RqoQ==}
    engines: {node: '>=14.17'}
    hasBin: true

  undici-types@6.20.0:
    resolution: {integrity: sha512-Ny6QZ2Nju20vw1SRHe3d9jVu6gJ+4e3+MMpqu7pqE5HT6WsTSlce++GQmK5UXS8mzV8DSYHrQH+Xrf2jVcuKNg==}

  use-sync-external-store@1.5.0:
    resolution: {integrity: sha512-Rb46I4cGGVBmjamjphe8L/UnvJD+uPPtTkNvX5mZgqdbavhI4EbgIWJiIHXJ8bc/i9EQGPRh4DwEURJ552Do0A==}
    peerDependencies:
      react: ^16.8.0 || ^17.0.0 || ^18.0.0 || ^19.0.0

  v8-compile-cache-lib@3.0.1:
    resolution: {integrity: sha512-wa7YjyUGfNZngI/vtK0UHAN+lgDCxBPCylVXGp0zu59Fz5aiGtNXaq3DhIov063MorB+VfufLh3JlF2KdTK3xg==}

  yn@3.1.1:
    resolution: {integrity: sha512-Ux4ygGWsu2c7isFWe8Yu1YluJmqVhxqK2cLXNQA5AcC3QfbGNpM7fu0Y8b/z16pXLnFxZYvWhd3fhBY9DLmC6Q==}
    engines: {node: '>=6'}

  zod-to-json-schema@3.24.5:
    resolution: {integrity: sha512-/AuWwMP+YqiPbsJx5D6TfgRTc4kTLjsh5SOcd4bLsfUg2RcEXrFMJl1DGgdHy2aCfsIA/cr/1JM0xcB2GZji8g==}
    peerDependencies:
      zod: ^3.24.1

  zod@3.24.2:
    resolution: {integrity: sha512-lY7CDW43ECgW9u1TcT3IoXHflywfVqDYze4waEz812jR/bZ8FHDsl7pFQoSZTz5N+2NqRXs8GBwnAwo3ZNxqhQ==}

snapshots:

  '@ai-sdk/openai@1.3.4(zod@3.24.2)':
    dependencies:
      '@ai-sdk/provider': 1.1.0
      '@ai-sdk/provider-utils': 2.2.1(zod@3.24.2)
      zod: 3.24.2

  '@ai-sdk/provider-utils@2.2.1(zod@3.24.2)':
    dependencies:
      '@ai-sdk/provider': 1.1.0
      nanoid: 3.3.11
      secure-json-parse: 2.7.0
      zod: 3.24.2

  '@ai-sdk/provider@1.1.0':
    dependencies:
      json-schema: 0.4.0

  '@ai-sdk/react@1.2.3(react@19.1.0)(zod@3.24.2)':
    dependencies:
      '@ai-sdk/provider-utils': 2.2.1(zod@3.24.2)
      '@ai-sdk/ui-utils': 1.2.2(zod@3.24.2)
      react: 19.1.0
      swr: 2.3.3(react@19.1.0)
      throttleit: 2.1.0
    optionalDependencies:
      zod: 3.24.2

  '@ai-sdk/ui-utils@1.2.2(zod@3.24.2)':
    dependencies:
      '@ai-sdk/provider': 1.1.0
      '@ai-sdk/provider-utils': 2.2.1(zod@3.24.2)
      zod: 3.24.2
      zod-to-json-schema: 3.24.5(zod@3.24.2)

  '@bufbuild/protobuf@2.2.5': {}

  '@cspotcode/source-map-support@0.8.1':
    dependencies:
      '@jridgewell/trace-mapping': 0.3.9

  '@emberai/sdk-typescript@0.3.0-beta.6':
    dependencies:
      '@bufbuild/protobuf': 2.2.5

  '@jridgewell/resolve-uri@3.1.2': {}

  '@jridgewell/sourcemap-codec@1.5.0': {}

  '@jridgewell/trace-mapping@0.3.9':
    dependencies:
      '@jridgewell/resolve-uri': 3.1.2
      '@jridgewell/sourcemap-codec': 1.5.0

  '@opentelemetry/api@1.9.0': {}

  '@tsconfig/node10@1.0.11': {}

  '@tsconfig/node12@1.0.11': {}

  '@tsconfig/node14@1.0.3': {}

  '@tsconfig/node16@1.0.4': {}

  '@types/diff-match-patch@1.0.36': {}

  '@types/node@22.13.14':
    dependencies:
      undici-types: 6.20.0

  acorn-walk@8.3.4:
    dependencies:
      acorn: 8.14.1

  acorn@8.14.1: {}

  ai@4.2.8(react@19.1.0)(zod@3.24.2):
    dependencies:
      '@ai-sdk/provider': 1.1.0
      '@ai-sdk/provider-utils': 2.2.1(zod@3.24.2)
      '@ai-sdk/react': 1.2.3(react@19.1.0)(zod@3.24.2)
      '@ai-sdk/ui-utils': 1.2.2(zod@3.24.2)
      '@opentelemetry/api': 1.9.0
      jsondiffpatch: 0.6.0
      zod: 3.24.2
    optionalDependencies:
      react: 19.1.0

  arg@4.1.3: {}

  chalk@5.4.1: {}

  create-require@1.1.1: {}

  dequal@2.0.3: {}

  diff-match-patch@1.0.5: {}

  diff@4.0.2: {}

  json-schema@0.4.0: {}

  jsondiffpatch@0.6.0:
    dependencies:
      '@types/diff-match-patch': 1.0.36
      chalk: 5.4.1
      diff-match-patch: 1.0.5

  make-error@1.3.6: {}

  nanoid@3.3.11: {}

  react@19.1.0: {}

  secure-json-parse@2.7.0: {}

  swr@2.3.3(react@19.1.0):
    dependencies:
      dequal: 2.0.3
      react: 19.1.0
      use-sync-external-store: 1.5.0(react@19.1.0)

  throttleit@2.1.0: {}

  ts-node@10.9.2(@types/node@22.13.14)(typescript@5.8.2):
    dependencies:
      '@cspotcode/source-map-support': 0.8.1
      '@tsconfig/node10': 1.0.11
      '@tsconfig/node12': 1.0.11
      '@tsconfig/node14': 1.0.3
      '@tsconfig/node16': 1.0.4
      '@types/node': 22.13.14
      acorn: 8.14.1
      acorn-walk: 8.3.4
      arg: 4.1.3
      create-require: 1.1.1
      diff: 4.0.2
      make-error: 1.3.6
      typescript: 5.8.2
      v8-compile-cache-lib: 3.0.1
      yn: 3.1.1

  typescript@5.8.2: {}

  undici-types@6.20.0: {}

  use-sync-external-store@1.5.0(react@19.1.0):
    dependencies:
      react: 19.1.0

  v8-compile-cache-lib@3.0.1: {}

  yn@3.1.1: {}

  zod-to-json-schema@3.24.5(zod@3.24.2):
    dependencies:
      zod: 3.24.2

  zod@3.24.2: {}
